// !$*UTF8*$!
{
	archiveVersion = 1;
	classes = {
	};
	objectVersion = 56;
	objects = {

/* Begin PBXBuildFile section */
		2361A7BE298140B000669328 /* Group+CoreDataClass.swift in Sources */ = {isa = PBXBuildFile; fileRef = 23DE6BA6297EB0560030680F /* Group+CoreDataClass.swift */; };
		2361A7BF298140B000669328 /* Group+CoreDataProperties.swift in Sources */ = {isa = PBXBuildFile; fileRef = 23DE6BA7297EB0560030680F /* Group+CoreDataProperties.swift */; };
		2361A7C0298140B000669328 /* Teacher+CoreDataClass.swift in Sources */ = {isa = PBXBuildFile; fileRef = 23DE6BA8297EB0560030680F /* Teacher+CoreDataClass.swift */; };
		2361A7C1298140B000669328 /* Teacher+CoreDataProperties.swift in Sources */ = {isa = PBXBuildFile; fileRef = 23DE6BA9297EB0560030680F /* Teacher+CoreDataProperties.swift */; };
		2361A7C2298140B000669328 /* User+CoreDataClass.swift in Sources */ = {isa = PBXBuildFile; fileRef = 23DE6BAA297EB0560030680F /* User+CoreDataClass.swift */; };
		2361A7C3298140B000669328 /* User+CoreDataProperties.swift in Sources */ = {isa = PBXBuildFile; fileRef = 23DE6BAB297EB0560030680F /* User+CoreDataProperties.swift */; };
		2361A7C4298140B000669328 /* Student+CoreDataClass.swift in Sources */ = {isa = PBXBuildFile; fileRef = 23DE6BAC297EB0560030680F /* Student+CoreDataClass.swift */; };
		2361A7C5298140B000669328 /* Student+CoreDataProperties.swift in Sources */ = {isa = PBXBuildFile; fileRef = 23DE6BAD297EB0560030680F /* Student+CoreDataProperties.swift */; };
		2361A7C6298140B000669328 /* Lecture+CoreDataClass.swift in Sources */ = {isa = PBXBuildFile; fileRef = 23DE6BAE297EB0560030680F /* Lecture+CoreDataClass.swift */; };
		2361A7C7298140B000669328 /* Lecture+CoreDataProperties.swift in Sources */ = {isa = PBXBuildFile; fileRef = 23DE6BAF297EB0560030680F /* Lecture+CoreDataProperties.swift */; };
		236DCAB72951ED3100C2C0D1 /* Students.swift in Sources */ = {isa = PBXBuildFile; fileRef = 236DCAB62951ED3100C2C0D1 /* Students.swift */; };
		236DCABA2951F3F000C2C0D1 /* Teacher.storyboard in Resources */ = {isa = PBXBuildFile; fileRef = 236DCAB92951F3F000C2C0D1 /* Teacher.storyboard */; };
		236DCABE2951F48200C2C0D1 /* TeacherViewController.swift in Sources */ = {isa = PBXBuildFile; fileRef = 236DCABD2951F48100C2C0D1 /* TeacherViewController.swift */; };
		236DCAC02951FB8B00C2C0D1 /* GroupCollectionViewCell.swift in Sources */ = {isa = PBXBuildFile; fileRef = 236DCABF2951FB8B00C2C0D1 /* GroupCollectionViewCell.swift */; };
		236DCAC32952052E00C2C0D1 /* libsqlite3.tbd in Frameworks */ = {isa = PBXBuildFile; fileRef = 236DCAC22952052E00C2C0D1 /* libsqlite3.tbd */; };
		236DCAE629546CDB00C2C0D1 /* CoreDataManager.swift in Sources */ = {isa = PBXBuildFile; fileRef = 236DCAE529546CDB00C2C0D1 /* CoreDataManager.swift */; };
		236DCB0C2955F69400C2C0D1 /* Group.storyboard in Resources */ = {isa = PBXBuildFile; fileRef = 236DCB0B2955F69400C2C0D1 /* Group.storyboard */; };
		236DCB0E2955FC1600C2C0D1 /* GroupTabBarViewController.swift in Sources */ = {isa = PBXBuildFile; fileRef = 236DCB0D2955FC1600C2C0D1 /* GroupTabBarViewController.swift */; };
		236DCB102955FE9A00C2C0D1 /* TeacherLectionGroupTableViewController.swift in Sources */ = {isa = PBXBuildFile; fileRef = 236DCB0F2955FE9A00C2C0D1 /* TeacherLectionGroupTableViewController.swift */; };
		236DCB122955FF3F00C2C0D1 /* TeacherStudentListGroupTableViewController.swift in Sources */ = {isa = PBXBuildFile; fileRef = 236DCB112955FF3F00C2C0D1 /* TeacherStudentListGroupTableViewController.swift */; };
		236DCB142956002B00C2C0D1 /* TeacherSettingsGroupTableViewController.swift in Sources */ = {isa = PBXBuildFile; fileRef = 236DCB132956002B00C2C0D1 /* TeacherSettingsGroupTableViewController.swift */; };
		236DCB162956432000C2C0D1 /* GroupTabBarProtocol.swift in Sources */ = {isa = PBXBuildFile; fileRef = 236DCB152956432000C2C0D1 /* GroupTabBarProtocol.swift */; };
		236DCB272959E45000C2C0D1 /* Student.storyboard in Resources */ = {isa = PBXBuildFile; fileRef = 236DCB262959E45000C2C0D1 /* Student.storyboard */; };
		236DCB292959E67B00C2C0D1 /* StudentLecturesTableViewController.swift in Sources */ = {isa = PBXBuildFile; fileRef = 236DCB282959E67B00C2C0D1 /* StudentLecturesTableViewController.swift */; };
		23B64D1A2951E27E00ED81B7 /* AppDelegate.swift in Sources */ = {isa = PBXBuildFile; fileRef = 23B64D192951E27E00ED81B7 /* AppDelegate.swift */; };
		23B64D1C2951E27E00ED81B7 /* SceneDelegate.swift in Sources */ = {isa = PBXBuildFile; fileRef = 23B64D1B2951E27E00ED81B7 /* SceneDelegate.swift */; };
		23B64D1E2951E27E00ED81B7 /* LoginViewController.swift in Sources */ = {isa = PBXBuildFile; fileRef = 23B64D1D2951E27E00ED81B7 /* LoginViewController.swift */; };
		23B64D262951E28100ED81B7 /* Assets.xcassets in Resources */ = {isa = PBXBuildFile; fileRef = 23B64D252951E28100ED81B7 /* Assets.xcassets */; };
		23B64D292951E28100ED81B7 /* LaunchScreen.storyboard in Resources */ = {isa = PBXBuildFile; fileRef = 23B64D272951E28100ED81B7 /* LaunchScreen.storyboard */; };
		23B64D342951E28200ED81B7 /* dyplomaTests.swift in Sources */ = {isa = PBXBuildFile; fileRef = 23B64D332951E28200ED81B7 /* dyplomaTests.swift */; };
		23B64D3E2951E28200ED81B7 /* dyplomaUITests.swift in Sources */ = {isa = PBXBuildFile; fileRef = 23B64D3D2951E28200ED81B7 /* dyplomaUITests.swift */; };
		23B64D402951E28200ED81B7 /* dyplomaUITestsLaunchTests.swift in Sources */ = {isa = PBXBuildFile; fileRef = 23B64D3F2951E28200ED81B7 /* dyplomaUITestsLaunchTests.swift */; };
		23B64D4E2951E5B700ED81B7 /* Login.storyboard in Resources */ = {isa = PBXBuildFile; fileRef = 23B64D4D2951E5B700ED81B7 /* Login.storyboard */; };
		23B64D502951E63100ED81B7 /* NavigationController.swift in Sources */ = {isa = PBXBuildFile; fileRef = 23B64D4F2951E63100ED81B7 /* NavigationController.swift */; };
		23B64D522951E66A00ED81B7 /* KeyboardHelper.swift in Sources */ = {isa = PBXBuildFile; fileRef = 23B64D512951E66A00ED81B7 /* KeyboardHelper.swift */; };
		23DE6BBB297EB1F90030680F /* dyploma.xcdatamodeld in Resources */ = {isa = PBXBuildFile; fileRef = 23B64D222951E27E00ED81B7 /* dyploma.xcdatamodeld */; };
/* End PBXBuildFile section */

/* Begin PBXContainerItemProxy section */
		23B64D302951E28200ED81B7 /* PBXContainerItemProxy */ = {
			isa = PBXContainerItemProxy;
			containerPortal = 23B64D0E2951E27E00ED81B7 /* Project object */;
			proxyType = 1;
			remoteGlobalIDString = 23B64D152951E27E00ED81B7;
			remoteInfo = dyploma;
		};
		23B64D3A2951E28200ED81B7 /* PBXContainerItemProxy */ = {
			isa = PBXContainerItemProxy;
			containerPortal = 23B64D0E2951E27E00ED81B7 /* Project object */;
			proxyType = 1;
			remoteGlobalIDString = 23B64D152951E27E00ED81B7;
			remoteInfo = dyploma;
		};
/* End PBXContainerItemProxy section */

/* Begin PBXFileReference section */
		236DCAB62951ED3100C2C0D1 /* Students.swift */ = {isa = PBXFileReference; lastKnownFileType = sourcecode.swift; path = Students.swift; sourceTree = "<group>"; };
		236DCAB92951F3F000C2C0D1 /* Teacher.storyboard */ = {isa = PBXFileReference; lastKnownFileType = file.storyboard; path = Teacher.storyboard; sourceTree = "<group>"; };
		236DCABD2951F48100C2C0D1 /* TeacherViewController.swift */ = {isa = PBXFileReference; lastKnownFileType = sourcecode.swift; path = TeacherViewController.swift; sourceTree = "<group>"; };
		236DCABF2951FB8B00C2C0D1 /* GroupCollectionViewCell.swift */ = {isa = PBXFileReference; lastKnownFileType = sourcecode.swift; path = GroupCollectionViewCell.swift; sourceTree = "<group>"; };
		236DCAC22952052E00C2C0D1 /* libsqlite3.tbd */ = {isa = PBXFileReference; lastKnownFileType = "sourcecode.text-based-dylib-definition"; name = libsqlite3.tbd; path = usr/lib/libsqlite3.tbd; sourceTree = SDKROOT; };
		236DCAE529546CDB00C2C0D1 /* CoreDataManager.swift */ = {isa = PBXFileReference; lastKnownFileType = sourcecode.swift; path = CoreDataManager.swift; sourceTree = "<group>"; };
		236DCB0B2955F69400C2C0D1 /* Group.storyboard */ = {isa = PBXFileReference; lastKnownFileType = file.storyboard; path = Group.storyboard; sourceTree = "<group>"; };
		236DCB0D2955FC1600C2C0D1 /* GroupTabBarViewController.swift */ = {isa = PBXFileReference; lastKnownFileType = sourcecode.swift; path = GroupTabBarViewController.swift; sourceTree = "<group>"; };
		236DCB0F2955FE9A00C2C0D1 /* TeacherLectionGroupTableViewController.swift */ = {isa = PBXFileReference; lastKnownFileType = sourcecode.swift; path = TeacherLectionGroupTableViewController.swift; sourceTree = "<group>"; };
		236DCB112955FF3F00C2C0D1 /* TeacherStudentListGroupTableViewController.swift */ = {isa = PBXFileReference; lastKnownFileType = sourcecode.swift; path = TeacherStudentListGroupTableViewController.swift; sourceTree = "<group>"; };
		236DCB132956002B00C2C0D1 /* TeacherSettingsGroupTableViewController.swift */ = {isa = PBXFileReference; lastKnownFileType = sourcecode.swift; path = TeacherSettingsGroupTableViewController.swift; sourceTree = "<group>"; };
		236DCB152956432000C2C0D1 /* GroupTabBarProtocol.swift */ = {isa = PBXFileReference; lastKnownFileType = sourcecode.swift; path = GroupTabBarProtocol.swift; sourceTree = "<group>"; };
		236DCB262959E45000C2C0D1 /* Student.storyboard */ = {isa = PBXFileReference; lastKnownFileType = file.storyboard; path = Student.storyboard; sourceTree = "<group>"; };
		236DCB282959E67B00C2C0D1 /* StudentLecturesTableViewController.swift */ = {isa = PBXFileReference; lastKnownFileType = sourcecode.swift; path = StudentLecturesTableViewController.swift; sourceTree = "<group>"; };
		23B64D162951E27E00ED81B7 /* dyploma.app */ = {isa = PBXFileReference; explicitFileType = wrapper.application; includeInIndex = 0; path = dyploma.app; sourceTree = BUILT_PRODUCTS_DIR; };
		23B64D192951E27E00ED81B7 /* AppDelegate.swift */ = {isa = PBXFileReference; lastKnownFileType = sourcecode.swift; path = AppDelegate.swift; sourceTree = "<group>"; };
		23B64D1B2951E27E00ED81B7 /* SceneDelegate.swift */ = {isa = PBXFileReference; lastKnownFileType = sourcecode.swift; path = SceneDelegate.swift; sourceTree = "<group>"; };
		23B64D1D2951E27E00ED81B7 /* LoginViewController.swift */ = {isa = PBXFileReference; lastKnownFileType = sourcecode.swift; path = LoginViewController.swift; sourceTree = "<group>"; };
		23B64D232951E27E00ED81B7 /* dyploma.xcdatamodel */ = {isa = PBXFileReference; lastKnownFileType = wrapper.xcdatamodel; path = dyploma.xcdatamodel; sourceTree = "<group>"; };
		23B64D252951E28100ED81B7 /* Assets.xcassets */ = {isa = PBXFileReference; lastKnownFileType = folder.assetcatalog; path = Assets.xcassets; sourceTree = "<group>"; };
		23B64D282951E28100ED81B7 /* Base */ = {isa = PBXFileReference; lastKnownFileType = file.storyboard; name = Base; path = Base.lproj/LaunchScreen.storyboard; sourceTree = "<group>"; };
		23B64D2A2951E28100ED81B7 /* Info.plist */ = {isa = PBXFileReference; lastKnownFileType = text.plist.xml; path = Info.plist; sourceTree = "<group>"; };
		23B64D2F2951E28200ED81B7 /* dyplomaTests.xctest */ = {isa = PBXFileReference; explicitFileType = wrapper.cfbundle; includeInIndex = 0; path = dyplomaTests.xctest; sourceTree = BUILT_PRODUCTS_DIR; };
		23B64D332951E28200ED81B7 /* dyplomaTests.swift */ = {isa = PBXFileReference; lastKnownFileType = sourcecode.swift; path = dyplomaTests.swift; sourceTree = "<group>"; };
		23B64D392951E28200ED81B7 /* dyplomaUITests.xctest */ = {isa = PBXFileReference; explicitFileType = wrapper.cfbundle; includeInIndex = 0; path = dyplomaUITests.xctest; sourceTree = BUILT_PRODUCTS_DIR; };
		23B64D3D2951E28200ED81B7 /* dyplomaUITests.swift */ = {isa = PBXFileReference; lastKnownFileType = sourcecode.swift; path = dyplomaUITests.swift; sourceTree = "<group>"; };
		23B64D3F2951E28200ED81B7 /* dyplomaUITestsLaunchTests.swift */ = {isa = PBXFileReference; lastKnownFileType = sourcecode.swift; path = dyplomaUITestsLaunchTests.swift; sourceTree = "<group>"; };
		23B64D4D2951E5B700ED81B7 /* Login.storyboard */ = {isa = PBXFileReference; lastKnownFileType = file.storyboard; path = Login.storyboard; sourceTree = "<group>"; };
		23B64D4F2951E63100ED81B7 /* NavigationController.swift */ = {isa = PBXFileReference; lastKnownFileType = sourcecode.swift; path = NavigationController.swift; sourceTree = "<group>"; };
		23B64D512951E66A00ED81B7 /* KeyboardHelper.swift */ = {isa = PBXFileReference; lastKnownFileType = sourcecode.swift; path = KeyboardHelper.swift; sourceTree = "<group>"; };
		23DE6BA6297EB0560030680F /* Group+CoreDataClass.swift */ = {isa = PBXFileReference; lastKnownFileType = sourcecode.swift; path = "Group+CoreDataClass.swift"; sourceTree = SOURCE_ROOT; };
		23DE6BA7297EB0560030680F /* Group+CoreDataProperties.swift */ = {isa = PBXFileReference; lastKnownFileType = sourcecode.swift; path = "Group+CoreDataProperties.swift"; sourceTree = SOURCE_ROOT; };
		23DE6BA8297EB0560030680F /* Teacher+CoreDataClass.swift */ = {isa = PBXFileReference; lastKnownFileType = sourcecode.swift; path = "Teacher+CoreDataClass.swift"; sourceTree = SOURCE_ROOT; };
		23DE6BA9297EB0560030680F /* Teacher+CoreDataProperties.swift */ = {isa = PBXFileReference; lastKnownFileType = sourcecode.swift; path = "Teacher+CoreDataProperties.swift"; sourceTree = SOURCE_ROOT; };
		23DE6BAA297EB0560030680F /* User+CoreDataClass.swift */ = {isa = PBXFileReference; lastKnownFileType = sourcecode.swift; path = "User+CoreDataClass.swift"; sourceTree = SOURCE_ROOT; };
		23DE6BAB297EB0560030680F /* User+CoreDataProperties.swift */ = {isa = PBXFileReference; lastKnownFileType = sourcecode.swift; path = "User+CoreDataProperties.swift"; sourceTree = SOURCE_ROOT; };
		23DE6BAC297EB0560030680F /* Student+CoreDataClass.swift */ = {isa = PBXFileReference; lastKnownFileType = sourcecode.swift; path = "Student+CoreDataClass.swift"; sourceTree = SOURCE_ROOT; };
		23DE6BAD297EB0560030680F /* Student+CoreDataProperties.swift */ = {isa = PBXFileReference; lastKnownFileType = sourcecode.swift; path = "Student+CoreDataProperties.swift"; sourceTree = SOURCE_ROOT; };
		23DE6BAE297EB0560030680F /* Lecture+CoreDataClass.swift */ = {isa = PBXFileReference; lastKnownFileType = sourcecode.swift; path = "Lecture+CoreDataClass.swift"; sourceTree = SOURCE_ROOT; };
		23DE6BAF297EB0560030680F /* Lecture+CoreDataProperties.swift */ = {isa = PBXFileReference; lastKnownFileType = sourcecode.swift; path = "Lecture+CoreDataProperties.swift"; sourceTree = SOURCE_ROOT; };
/* End PBXFileReference section */

/* Begin PBXFrameworksBuildPhase section */
		23B64D132951E27E00ED81B7 /* Frameworks */ = {
			isa = PBXFrameworksBuildPhase;
			buildActionMask = 2147483647;
			files = (
				236DCAC32952052E00C2C0D1 /* libsqlite3.tbd in Frameworks */,
			);
			runOnlyForDeploymentPostprocessing = 0;
		};
		23B64D2C2951E28200ED81B7 /* Frameworks */ = {
			isa = PBXFrameworksBuildPhase;
			buildActionMask = 2147483647;
			files = (
			);
			runOnlyForDeploymentPostprocessing = 0;
		};
		23B64D362951E28200ED81B7 /* Frameworks */ = {
			isa = PBXFrameworksBuildPhase;
			buildActionMask = 2147483647;
			files = (
			);
			runOnlyForDeploymentPostprocessing = 0;
		};
/* End PBXFrameworksBuildPhase section */

/* Begin PBXGroup section */
		236DCAB82951F3D400C2C0D1 /* Teacher */ = {
			isa = PBXGroup;
			children = (
				236DCAB92951F3F000C2C0D1 /* Teacher.storyboard */,
				236DCABD2951F48100C2C0D1 /* TeacherViewController.swift */,
				236DCABF2951FB8B00C2C0D1 /* GroupCollectionViewCell.swift */,
			);
			path = Teacher;
			sourceTree = "<group>";
		};
		236DCAC12952052E00C2C0D1 /* Frameworks */ = {
			isa = PBXGroup;
			children = (
				236DCAC22952052E00C2C0D1 /* libsqlite3.tbd */,
			);
			name = Frameworks;
			sourceTree = "<group>";
		};
		236DCAD42953265D00C2C0D1 /* CoreData */ = {
			isa = PBXGroup;
			children = (
				23DE6BA6297EB0560030680F /* Group+CoreDataClass.swift */,
				23DE6BA7297EB0560030680F /* Group+CoreDataProperties.swift */,
				23DE6BA8297EB0560030680F /* Teacher+CoreDataClass.swift */,
				23DE6BA9297EB0560030680F /* Teacher+CoreDataProperties.swift */,
				23DE6BAA297EB0560030680F /* User+CoreDataClass.swift */,
				23DE6BAB297EB0560030680F /* User+CoreDataProperties.swift */,
				23DE6BAC297EB0560030680F /* Student+CoreDataClass.swift */,
				23DE6BAD297EB0560030680F /* Student+CoreDataProperties.swift */,
				23DE6BAE297EB0560030680F /* Lecture+CoreDataClass.swift */,
				23DE6BAF297EB0560030680F /* Lecture+CoreDataProperties.swift */,
				23B64D222951E27E00ED81B7 /* dyploma.xcdatamodeld */,
				236DCAE529546CDB00C2C0D1 /* CoreDataManager.swift */,
				236DCAB62951ED3100C2C0D1 /* Students.swift */,
			);
			path = CoreData;
			sourceTree = "<group>";
		};
		236DCB08295505D400C2C0D1 /* Base */ = {
			isa = PBXGroup;
			children = (
				23B64D192951E27E00ED81B7 /* AppDelegate.swift */,
				23B64D1B2951E27E00ED81B7 /* SceneDelegate.swift */,
				23B64D252951E28100ED81B7 /* Assets.xcassets */,
				23B64D272951E28100ED81B7 /* LaunchScreen.storyboard */,
			);
			path = Base;
			sourceTree = "<group>";
		};
		236DCB092955060400C2C0D1 /* Helpers */ = {
			isa = PBXGroup;
			children = (
				23B64D4F2951E63100ED81B7 /* NavigationController.swift */,
				23B64D512951E66A00ED81B7 /* KeyboardHelper.swift */,
			);
			path = Helpers;
			sourceTree = "<group>";
		};
		236DCB0A2955F67E00C2C0D1 /* Group */ = {
			isa = PBXGroup;
			children = (
				236DCB0B2955F69400C2C0D1 /* Group.storyboard */,
				236DCB0D2955FC1600C2C0D1 /* GroupTabBarViewController.swift */,
				236DCB0F2955FE9A00C2C0D1 /* TeacherLectionGroupTableViewController.swift */,
				236DCB112955FF3F00C2C0D1 /* TeacherStudentListGroupTableViewController.swift */,
				236DCB132956002B00C2C0D1 /* TeacherSettingsGroupTableViewController.swift */,
				236DCB152956432000C2C0D1 /* GroupTabBarProtocol.swift */,
			);
			path = Group;
			sourceTree = "<group>";
		};
		236DCB252959E43900C2C0D1 /* Student */ = {
			isa = PBXGroup;
			children = (
				236DCB262959E45000C2C0D1 /* Student.storyboard */,
				236DCB282959E67B00C2C0D1 /* StudentLecturesTableViewController.swift */,
			);
			path = Student;
			sourceTree = "<group>";
		};
		23B64D0D2951E27E00ED81B7 = {
			isa = PBXGroup;
			children = (
				23B64D182951E27E00ED81B7 /* dyploma */,
				23B64D322951E28200ED81B7 /* dyplomaTests */,
				23B64D3C2951E28200ED81B7 /* dyplomaUITests */,
				23B64D172951E27E00ED81B7 /* Products */,
				236DCAC12952052E00C2C0D1 /* Frameworks */,
			);
			sourceTree = "<group>";
		};
		23B64D172951E27E00ED81B7 /* Products */ = {
			isa = PBXGroup;
			children = (
				23B64D162951E27E00ED81B7 /* dyploma.app */,
				23B64D2F2951E28200ED81B7 /* dyplomaTests.xctest */,
				23B64D392951E28200ED81B7 /* dyplomaUITests.xctest */,
			);
			name = Products;
			sourceTree = "<group>";
		};
		23B64D182951E27E00ED81B7 /* dyploma */ = {
			isa = PBXGroup;
			children = (
				236DCB252959E43900C2C0D1 /* Student */,
				236DCB0A2955F67E00C2C0D1 /* Group */,
				23B64D2A2951E28100ED81B7 /* Info.plist */,
				23B64D4C2951E4B700ED81B7 /* Login */,
				236DCAB82951F3D400C2C0D1 /* Teacher */,
				236DCB092955060400C2C0D1 /* Helpers */,
				236DCAD42953265D00C2C0D1 /* CoreData */,
				236DCB08295505D400C2C0D1 /* Base */,
			);
			path = dyploma;
			sourceTree = "<group>";
		};
		23B64D322951E28200ED81B7 /* dyplomaTests */ = {
			isa = PBXGroup;
			children = (
				23B64D332951E28200ED81B7 /* dyplomaTests.swift */,
			);
			path = dyplomaTests;
			sourceTree = "<group>";
		};
		23B64D3C2951E28200ED81B7 /* dyplomaUITests */ = {
			isa = PBXGroup;
			children = (
				23B64D3D2951E28200ED81B7 /* dyplomaUITests.swift */,
				23B64D3F2951E28200ED81B7 /* dyplomaUITestsLaunchTests.swift */,
			);
			path = dyplomaUITests;
			sourceTree = "<group>";
		};
		23B64D4C2951E4B700ED81B7 /* Login */ = {
			isa = PBXGroup;
			children = (
				23B64D1D2951E27E00ED81B7 /* LoginViewController.swift */,
				23B64D4D2951E5B700ED81B7 /* Login.storyboard */,
			);
			path = Login;
			sourceTree = "<group>";
		};
/* End PBXGroup section */

/* Begin PBXNativeTarget section */
		23B64D152951E27E00ED81B7 /* dyploma */ = {
			isa = PBXNativeTarget;
			buildConfigurationList = 23B64D432951E28200ED81B7 /* Build configuration list for PBXNativeTarget "dyploma" */;
			buildPhases = (
				23B64D122951E27E00ED81B7 /* Sources */,
				23B64D132951E27E00ED81B7 /* Frameworks */,
				23B64D142951E27E00ED81B7 /* Resources */,
			);
			buildRules = (
			);
			dependencies = (
			);
			name = dyploma;
			productName = dyploma;
			productReference = 23B64D162951E27E00ED81B7 /* dyploma.app */;
			productType = "com.apple.product-type.application";
		};
		23B64D2E2951E28200ED81B7 /* dyplomaTests */ = {
			isa = PBXNativeTarget;
			buildConfigurationList = 23B64D462951E28200ED81B7 /* Build configuration list for PBXNativeTarget "dyplomaTests" */;
			buildPhases = (
				23B64D2B2951E28200ED81B7 /* Sources */,
				23B64D2C2951E28200ED81B7 /* Frameworks */,
				23B64D2D2951E28200ED81B7 /* Resources */,
			);
			buildRules = (
			);
			dependencies = (
				23B64D312951E28200ED81B7 /* PBXTargetDependency */,
			);
			name = dyplomaTests;
			productName = dyplomaTests;
			productReference = 23B64D2F2951E28200ED81B7 /* dyplomaTests.xctest */;
			productType = "com.apple.product-type.bundle.unit-test";
		};
		23B64D382951E28200ED81B7 /* dyplomaUITests */ = {
			isa = PBXNativeTarget;
			buildConfigurationList = 23B64D492951E28200ED81B7 /* Build configuration list for PBXNativeTarget "dyplomaUITests" */;
			buildPhases = (
				23B64D352951E28200ED81B7 /* Sources */,
				23B64D362951E28200ED81B7 /* Frameworks */,
				23B64D372951E28200ED81B7 /* Resources */,
			);
			buildRules = (
			);
			dependencies = (
				23B64D3B2951E28200ED81B7 /* PBXTargetDependency */,
			);
			name = dyplomaUITests;
			productName = dyplomaUITests;
			productReference = 23B64D392951E28200ED81B7 /* dyplomaUITests.xctest */;
			productType = "com.apple.product-type.bundle.ui-testing";
		};
/* End PBXNativeTarget section */

/* Begin PBXProject section */
		23B64D0E2951E27E00ED81B7 /* Project object */ = {
			isa = PBXProject;
			attributes = {
				BuildIndependentTargetsInParallel = 1;
				LastSwiftUpdateCheck = 1420;
				LastUpgradeCheck = 1420;
				TargetAttributes = {
					23B64D152951E27E00ED81B7 = {
						CreatedOnToolsVersion = 14.2;
					};
					23B64D2E2951E28200ED81B7 = {
						CreatedOnToolsVersion = 14.2;
						TestTargetID = 23B64D152951E27E00ED81B7;
					};
					23B64D382951E28200ED81B7 = {
						CreatedOnToolsVersion = 14.2;
						TestTargetID = 23B64D152951E27E00ED81B7;
					};
				};
			};
			buildConfigurationList = 23B64D112951E27E00ED81B7 /* Build configuration list for PBXProject "dyploma" */;
			compatibilityVersion = "Xcode 14.0";
			developmentRegion = en;
			hasScannedForEncodings = 0;
			knownRegions = (
				en,
				Base,
			);
			mainGroup = 23B64D0D2951E27E00ED81B7;
			productRefGroup = 23B64D172951E27E00ED81B7 /* Products */;
			projectDirPath = "";
			projectRoot = "";
			targets = (
				23B64D152951E27E00ED81B7 /* dyploma */,
				23B64D2E2951E28200ED81B7 /* dyplomaTests */,
				23B64D382951E28200ED81B7 /* dyplomaUITests */,
			);
		};
/* End PBXProject section */

/* Begin PBXResourcesBuildPhase section */
		23B64D142951E27E00ED81B7 /* Resources */ = {
			isa = PBXResourcesBuildPhase;
			buildActionMask = 2147483647;
			files = (
				23DE6BBB297EB1F90030680F /* dyploma.xcdatamodeld in Resources */,
				236DCB0C2955F69400C2C0D1 /* Group.storyboard in Resources */,
				236DCB272959E45000C2C0D1 /* Student.storyboard in Resources */,
				23B64D292951E28100ED81B7 /* LaunchScreen.storyboard in Resources */,
				236DCABA2951F3F000C2C0D1 /* Teacher.storyboard in Resources */,
				23B64D262951E28100ED81B7 /* Assets.xcassets in Resources */,
				23B64D4E2951E5B700ED81B7 /* Login.storyboard in Resources */,
			);
			runOnlyForDeploymentPostprocessing = 0;
		};
		23B64D2D2951E28200ED81B7 /* Resources */ = {
			isa = PBXResourcesBuildPhase;
			buildActionMask = 2147483647;
			files = (
			);
			runOnlyForDeploymentPostprocessing = 0;
		};
		23B64D372951E28200ED81B7 /* Resources */ = {
			isa = PBXResourcesBuildPhase;
			buildActionMask = 2147483647;
			files = (
			);
			runOnlyForDeploymentPostprocessing = 0;
		};
/* End PBXResourcesBuildPhase section */

/* Begin PBXSourcesBuildPhase section */
		23B64D122951E27E00ED81B7 /* Sources */ = {
			isa = PBXSourcesBuildPhase;
			buildActionMask = 2147483647;
			files = (
				2361A7BE298140B000669328 /* Group+CoreDataClass.swift in Sources */,
				2361A7BF298140B000669328 /* Group+CoreDataProperties.swift in Sources */,
				2361A7C0298140B000669328 /* Teacher+CoreDataClass.swift in Sources */,
				2361A7C1298140B000669328 /* Teacher+CoreDataProperties.swift in Sources */,
				2361A7C2298140B000669328 /* User+CoreDataClass.swift in Sources */,
				2361A7C3298140B000669328 /* User+CoreDataProperties.swift in Sources */,
				2361A7C4298140B000669328 /* Student+CoreDataClass.swift in Sources */,
				2361A7C5298140B000669328 /* Student+CoreDataProperties.swift in Sources */,
				2361A7C6298140B000669328 /* Lecture+CoreDataClass.swift in Sources */,
				2361A7C7298140B000669328 /* Lecture+CoreDataProperties.swift in Sources */,
				236DCB292959E67B00C2C0D1 /* StudentLecturesTableViewController.swift in Sources */,
				23B64D522951E66A00ED81B7 /* KeyboardHelper.swift in Sources */,
				236DCB162956432000C2C0D1 /* GroupTabBarProtocol.swift in Sources */,
				236DCB122955FF3F00C2C0D1 /* TeacherStudentListGroupTableViewController.swift in Sources */,
				236DCABE2951F48200C2C0D1 /* TeacherViewController.swift in Sources */,
				236DCB102955FE9A00C2C0D1 /* TeacherLectionGroupTableViewController.swift in Sources */,
				23B64D1E2951E27E00ED81B7 /* LoginViewController.swift in Sources */,
				236DCAC02951FB8B00C2C0D1 /* GroupCollectionViewCell.swift in Sources */,
				236DCB0E2955FC1600C2C0D1 /* GroupTabBarViewController.swift in Sources */,
				236DCAE629546CDB00C2C0D1 /* CoreDataManager.swift in Sources */,
				23B64D1A2951E27E00ED81B7 /* AppDelegate.swift in Sources */,
				236DCB142956002B00C2C0D1 /* TeacherSettingsGroupTableViewController.swift in Sources */,
				236DCAB72951ED3100C2C0D1 /* Students.swift in Sources */,
				23B64D502951E63100ED81B7 /* NavigationController.swift in Sources */,
				23B64D1C2951E27E00ED81B7 /* SceneDelegate.swift in Sources */,
			);
			runOnlyForDeploymentPostprocessing = 0;
		};
		23B64D2B2951E28200ED81B7 /* Sources */ = {
			isa = PBXSourcesBuildPhase;
			buildActionMask = 2147483647;
			files = (
				23B64D342951E28200ED81B7 /* dyplomaTests.swift in Sources */,
			);
			runOnlyForDeploymentPostprocessing = 0;
		};
		23B64D352951E28200ED81B7 /* Sources */ = {
			isa = PBXSourcesBuildPhase;
			buildActionMask = 2147483647;
			files = (
				23B64D3E2951E28200ED81B7 /* dyplomaUITests.swift in Sources */,
				23B64D402951E28200ED81B7 /* dyplomaUITestsLaunchTests.swift in Sources */,
			);
			runOnlyForDeploymentPostprocessing = 0;
		};
/* End PBXSourcesBuildPhase section */

/* Begin PBXTargetDependency section */
		23B64D312951E28200ED81B7 /* PBXTargetDependency */ = {
			isa = PBXTargetDependency;
			target = 23B64D152951E27E00ED81B7 /* dyploma */;
			targetProxy = 23B64D302951E28200ED81B7 /* PBXContainerItemProxy */;
		};
		23B64D3B2951E28200ED81B7 /* PBXTargetDependency */ = {
			isa = PBXTargetDependency;
			target = 23B64D152951E27E00ED81B7 /* dyploma */;
			targetProxy = 23B64D3A2951E28200ED81B7 /* PBXContainerItemProxy */;
		};
/* End PBXTargetDependency section */

/* Begin PBXVariantGroup section */
		23B64D272951E28100ED81B7 /* LaunchScreen.storyboard */ = {
			isa = PBXVariantGroup;
			children = (
				23B64D282951E28100ED81B7 /* Base */,
			);
			name = LaunchScreen.storyboard;
			sourceTree = "<group>";
		};
/* End PBXVariantGroup section */

/* Begin XCBuildConfiguration section */
		23B64D412951E28200ED81B7 /* Debug */ = {
			isa = XCBuildConfiguration;
			buildSettings = {
				ALWAYS_SEARCH_USER_PATHS = NO;
				CLANG_ANALYZER_NONNULL = YES;
				CLANG_ANALYZER_NUMBER_OBJECT_CONVERSION = YES_AGGRESSIVE;
				CLANG_CXX_LANGUAGE_STANDARD = "gnu++20";
				CLANG_ENABLE_MODULES = YES;
				CLANG_ENABLE_OBJC_ARC = YES;
				CLANG_ENABLE_OBJC_WEAK = YES;
				CLANG_WARN_BLOCK_CAPTURE_AUTORELEASING = YES;
				CLANG_WARN_BOOL_CONVERSION = YES;
				CLANG_WARN_COMMA = YES;
				CLANG_WARN_CONSTANT_CONVERSION = YES;
				CLANG_WARN_DEPRECATED_OBJC_IMPLEMENTATIONS = YES;
				CLANG_WARN_DIRECT_OBJC_ISA_USAGE = YES_ERROR;
				CLANG_WARN_DOCUMENTATION_COMMENTS = YES;
				CLANG_WARN_EMPTY_BODY = YES;
				CLANG_WARN_ENUM_CONVERSION = YES;
				CLANG_WARN_INFINITE_RECURSION = YES;
				CLANG_WARN_INT_CONVERSION = YES;
				CLANG_WARN_NON_LITERAL_NULL_CONVERSION = YES;
				CLANG_WARN_OBJC_IMPLICIT_RETAIN_SELF = YES;
				CLANG_WARN_OBJC_LITERAL_CONVERSION = YES;
				CLANG_WARN_OBJC_ROOT_CLASS = YES_ERROR;
				CLANG_WARN_QUOTED_INCLUDE_IN_FRAMEWORK_HEADER = YES;
				CLANG_WARN_RANGE_LOOP_ANALYSIS = YES;
				CLANG_WARN_STRICT_PROTOTYPES = YES;
				CLANG_WARN_SUSPICIOUS_MOVE = YES;
				CLANG_WARN_UNGUARDED_AVAILABILITY = YES_AGGRESSIVE;
				CLANG_WARN_UNREACHABLE_CODE = YES;
				CLANG_WARN__DUPLICATE_METHOD_MATCH = YES;
				COPY_PHASE_STRIP = NO;
				DEBUG_INFORMATION_FORMAT = dwarf;
				ENABLE_STRICT_OBJC_MSGSEND = YES;
				ENABLE_TESTABILITY = YES;
				GCC_C_LANGUAGE_STANDARD = gnu11;
				GCC_DYNAMIC_NO_PIC = NO;
				GCC_NO_COMMON_BLOCKS = YES;
				GCC_OPTIMIZATION_LEVEL = 0;
				GCC_PREPROCESSOR_DEFINITIONS = (
					"DEBUG=1",
					"$(inherited)",
				);
				GCC_WARN_64_TO_32_BIT_CONVERSION = YES;
				GCC_WARN_ABOUT_RETURN_TYPE = YES_ERROR;
				GCC_WARN_UNDECLARED_SELECTOR = YES;
				GCC_WARN_UNINITIALIZED_AUTOS = YES_AGGRESSIVE;
				GCC_WARN_UNUSED_FUNCTION = YES;
				GCC_WARN_UNUSED_VARIABLE = YES;
				IPHONEOS_DEPLOYMENT_TARGET = 16.0;
				MTL_ENABLE_DEBUG_INFO = INCLUDE_SOURCE;
				MTL_FAST_MATH = YES;
				ONLY_ACTIVE_ARCH = YES;
				SDKROOT = iphoneos;
				SWIFT_ACTIVE_COMPILATION_CONDITIONS = DEBUG;
				SWIFT_OPTIMIZATION_LEVEL = "-Onone";
			};
			name = Debug;
		};
		23B64D422951E28200ED81B7 /* Release */ = {
			isa = XCBuildConfiguration;
			buildSettings = {
				ALWAYS_SEARCH_USER_PATHS = NO;
				CLANG_ANALYZER_NONNULL = YES;
				CLANG_ANALYZER_NUMBER_OBJECT_CONVERSION = YES_AGGRESSIVE;
				CLANG_CXX_LANGUAGE_STANDARD = "gnu++20";
				CLANG_ENABLE_MODULES = YES;
				CLANG_ENABLE_OBJC_ARC = YES;
				CLANG_ENABLE_OBJC_WEAK = YES;
				CLANG_WARN_BLOCK_CAPTURE_AUTORELEASING = YES;
				CLANG_WARN_BOOL_CONVERSION = YES;
				CLANG_WARN_COMMA = YES;
				CLANG_WARN_CONSTANT_CONVERSION = YES;
				CLANG_WARN_DEPRECATED_OBJC_IMPLEMENTATIONS = YES;
				CLANG_WARN_DIRECT_OBJC_ISA_USAGE = YES_ERROR;
				CLANG_WARN_DOCUMENTATION_COMMENTS = YES;
				CLANG_WARN_EMPTY_BODY = YES;
				CLANG_WARN_ENUM_CONVERSION = YES;
				CLANG_WARN_INFINITE_RECURSION = YES;
				CLANG_WARN_INT_CONVERSION = YES;
				CLANG_WARN_NON_LITERAL_NULL_CONVERSION = YES;
				CLANG_WARN_OBJC_IMPLICIT_RETAIN_SELF = YES;
				CLANG_WARN_OBJC_LITERAL_CONVERSION = YES;
				CLANG_WARN_OBJC_ROOT_CLASS = YES_ERROR;
				CLANG_WARN_QUOTED_INCLUDE_IN_FRAMEWORK_HEADER = YES;
				CLANG_WARN_RANGE_LOOP_ANALYSIS = YES;
				CLANG_WARN_STRICT_PROTOTYPES = YES;
				CLANG_WARN_SUSPICIOUS_MOVE = YES;
				CLANG_WARN_UNGUARDED_AVAILABILITY = YES_AGGRESSIVE;
				CLANG_WARN_UNREACHABLE_CODE = YES;
				CLANG_WARN__DUPLICATE_METHOD_MATCH = YES;
				COPY_PHASE_STRIP = NO;
				DEBUG_INFORMATION_FORMAT = "dwarf-with-dsym";
				ENABLE_NS_ASSERTIONS = NO;
				ENABLE_STRICT_OBJC_MSGSEND = YES;
				GCC_C_LANGUAGE_STANDARD = gnu11;
				GCC_NO_COMMON_BLOCKS = YES;
				GCC_WARN_64_TO_32_BIT_CONVERSION = YES;
				GCC_WARN_ABOUT_RETURN_TYPE = YES_ERROR;
				GCC_WARN_UNDECLARED_SELECTOR = YES;
				GCC_WARN_UNINITIALIZED_AUTOS = YES_AGGRESSIVE;
				GCC_WARN_UNUSED_FUNCTION = YES;
				GCC_WARN_UNUSED_VARIABLE = YES;
				IPHONEOS_DEPLOYMENT_TARGET = 16.0;
				MTL_ENABLE_DEBUG_INFO = NO;
				MTL_FAST_MATH = YES;
				SDKROOT = iphoneos;
				SWIFT_COMPILATION_MODE = wholemodule;
				SWIFT_OPTIMIZATION_LEVEL = "-O";
				VALIDATE_PRODUCT = YES;
			};
			name = Release;
		};
		23B64D442951E28200ED81B7 /* Debug */ = {
			isa = XCBuildConfiguration;
			buildSettings = {
				ASSETCATALOG_COMPILER_APPICON_NAME = AppIcon;
				ASSETCATALOG_COMPILER_GLOBAL_ACCENT_COLOR_NAME = AccentColor;
				CODE_SIGN_STYLE = Automatic;
				CURRENT_PROJECT_VERSION = 1;
				DEVELOPMENT_TEAM = VL3FXAW254;
				GENERATE_INFOPLIST_FILE = YES;
				INFOPLIST_FILE = dyploma/Info.plist;
				INFOPLIST_KEY_LSApplicationCategoryType = "public.app-category.education";
				INFOPLIST_KEY_UIApplicationSupportsIndirectInputEvents = YES;
				INFOPLIST_KEY_UILaunchStoryboardName = LaunchScreen;
				INFOPLIST_KEY_UISupportedInterfaceOrientations_iPad = "UIInterfaceOrientationPortrait UIInterfaceOrientationPortraitUpsideDown UIInterfaceOrientationLandscapeLeft UIInterfaceOrientationLandscapeRight";
				INFOPLIST_KEY_UISupportedInterfaceOrientations_iPhone = "UIInterfaceOrientationPortrait UIInterfaceOrientationLandscapeLeft UIInterfaceOrientationLandscapeRight";
				LD_RUNPATH_SEARCH_PATHS = (
					"$(inherited)",
					"@executable_path/Frameworks",
				);
				MARKETING_VERSION = 1.0;
				PRODUCT_BUNDLE_IDENTIFIER = waps.dyploma;
				PRODUCT_NAME = "$(TARGET_NAME)";
				SWIFT_EMIT_LOC_STRINGS = YES;
				SWIFT_VERSION = 5.0;
				TARGETED_DEVICE_FAMILY = "1,2";
			};
			name = Debug;
		};
		23B64D452951E28200ED81B7 /* Release */ = {
			isa = XCBuildConfiguration;
			buildSettings = {
				ASSETCATALOG_COMPILER_APPICON_NAME = AppIcon;
				ASSETCATALOG_COMPILER_GLOBAL_ACCENT_COLOR_NAME = AccentColor;
				CODE_SIGN_STYLE = Automatic;
				CURRENT_PROJECT_VERSION = 1;
				DEVELOPMENT_TEAM = VL3FXAW254;
				GENERATE_INFOPLIST_FILE = YES;
				INFOPLIST_FILE = dyploma/Info.plist;
				INFOPLIST_KEY_LSApplicationCategoryType = "public.app-category.education";
				INFOPLIST_KEY_UIApplicationSupportsIndirectInputEvents = YES;
				INFOPLIST_KEY_UILaunchStoryboardName = LaunchScreen;
				INFOPLIST_KEY_UISupportedInterfaceOrientations_iPad = "UIInterfaceOrientationPortrait UIInterfaceOrientationPortraitUpsideDown UIInterfaceOrientationLandscapeLeft UIInterfaceOrientationLandscapeRight";
				INFOPLIST_KEY_UISupportedInterfaceOrientations_iPhone = "UIInterfaceOrientationPortrait UIInterfaceOrientationLandscapeLeft UIInterfaceOrientationLandscapeRight";
				LD_RUNPATH_SEARCH_PATHS = (
					"$(inherited)",
					"@executable_path/Frameworks",
				);
				MARKETING_VERSION = 1.0;
				PRODUCT_BUNDLE_IDENTIFIER = waps.dyploma;
				PRODUCT_NAME = "$(TARGET_NAME)";
				SWIFT_EMIT_LOC_STRINGS = YES;
				SWIFT_VERSION = 5.0;
				TARGETED_DEVICE_FAMILY = "1,2";
			};
			name = Release;
		};
		23B64D472951E28200ED81B7 /* Debug */ = {
			isa = XCBuildConfiguration;
			buildSettings = {
				ALWAYS_EMBED_SWIFT_STANDARD_LIBRARIES = YES;
				BUNDLE_LOADER = "$(TEST_HOST)";
				CODE_SIGN_STYLE = Automatic;
				CURRENT_PROJECT_VERSION = 1;
				DEVELOPMENT_TEAM = VL3FXAW254;
				GENERATE_INFOPLIST_FILE = YES;
				IPHONEOS_DEPLOYMENT_TARGET = 16.2;
				MARKETING_VERSION = 1.0;
				PRODUCT_BUNDLE_IDENTIFIER = waps.dyplomaTests;
				PRODUCT_NAME = "$(TARGET_NAME)";
				SWIFT_EMIT_LOC_STRINGS = NO;
				SWIFT_VERSION = 5.0;
				TARGETED_DEVICE_FAMILY = "1,2";
				TEST_HOST = "$(BUILT_PRODUCTS_DIR)/dyploma.app/$(BUNDLE_EXECUTABLE_FOLDER_PATH)/dyploma";
			};
			name = Debug;
		};
		23B64D482951E28200ED81B7 /* Release */ = {
			isa = XCBuildConfiguration;
			buildSettings = {
				ALWAYS_EMBED_SWIFT_STANDARD_LIBRARIES = YES;
				BUNDLE_LOADER = "$(TEST_HOST)";
				CODE_SIGN_STYLE = Automatic;
				CURRENT_PROJECT_VERSION = 1;
				DEVELOPMENT_TEAM = VL3FXAW254;
				GENERATE_INFOPLIST_FILE = YES;
				IPHONEOS_DEPLOYMENT_TARGET = 16.2;
				MARKETING_VERSION = 1.0;
				PRODUCT_BUNDLE_IDENTIFIER = waps.dyplomaTests;
				PRODUCT_NAME = "$(TARGET_NAME)";
				SWIFT_EMIT_LOC_STRINGS = NO;
				SWIFT_VERSION = 5.0;
				TARGETED_DEVICE_FAMILY = "1,2";
				TEST_HOST = "$(BUILT_PRODUCTS_DIR)/dyploma.app/$(BUNDLE_EXECUTABLE_FOLDER_PATH)/dyploma";
			};
			name = Release;
		};
		23B64D4A2951E28200ED81B7 /* Debug */ = {
			isa = XCBuildConfiguration;
			buildSettings = {
				ALWAYS_EMBED_SWIFT_STANDARD_LIBRARIES = YES;
				CODE_SIGN_STYLE = Automatic;
				CURRENT_PROJECT_VERSION = 1;
				DEVELOPMENT_TEAM = VL3FXAW254;
				GENERATE_INFOPLIST_FILE = YES;
				MARKETING_VERSION = 1.0;
				PRODUCT_BUNDLE_IDENTIFIER = waps.dyplomaUITests;
				PRODUCT_NAME = "$(TARGET_NAME)";
				SWIFT_EMIT_LOC_STRINGS = NO;
				SWIFT_VERSION = 5.0;
				TARGETED_DEVICE_FAMILY = "1,2";
				TEST_TARGET_NAME = dyploma;
			};
			name = Debug;
		};
		23B64D4B2951E28200ED81B7 /* Release */ = {
			isa = XCBuildConfiguration;
			buildSettings = {
				ALWAYS_EMBED_SWIFT_STANDARD_LIBRARIES = YES;
				CODE_SIGN_STYLE = Automatic;
				CURRENT_PROJECT_VERSION = 1;
				DEVELOPMENT_TEAM = VL3FXAW254;
				GENERATE_INFOPLIST_FILE = YES;
				MARKETING_VERSION = 1.0;
				PRODUCT_BUNDLE_IDENTIFIER = waps.dyplomaUITests;
				PRODUCT_NAME = "$(TARGET_NAME)";
				SWIFT_EMIT_LOC_STRINGS = NO;
				SWIFT_VERSION = 5.0;
				TARGETED_DEVICE_FAMILY = "1,2";
				TEST_TARGET_NAME = dyploma;
			};
			name = Release;
		};
/* End XCBuildConfiguration section */

/* Begin XCConfigurationList section */
		23B64D112951E27E00ED81B7 /* Build configuration list for PBXProject "dyploma" */ = {
			isa = XCConfigurationList;
			buildConfigurations = (
				23B64D412951E28200ED81B7 /* Debug */,
				23B64D422951E28200ED81B7 /* Release */,
			);
			defaultConfigurationIsVisible = 0;
			defaultConfigurationName = Release;
		};
		23B64D432951E28200ED81B7 /* Build configuration list for PBXNativeTarget "dyploma" */ = {
			isa = XCConfigurationList;
			buildConfigurations = (
				23B64D442951E28200ED81B7 /* Debug */,
				23B64D452951E28200ED81B7 /* Release */,
			);
			defaultConfigurationIsVisible = 0;
			defaultConfigurationName = Release;
		};
		23B64D462951E28200ED81B7 /* Build configuration list for PBXNativeTarget "dyplomaTests" */ = {
			isa = XCConfigurationList;
			buildConfigurations = (
				23B64D472951E28200ED81B7 /* Debug */,
				23B64D482951E28200ED81B7 /* Release */,
			);
			defaultConfigurationIsVisible = 0;
			defaultConfigurationName = Release;
		};
		23B64D492951E28200ED81B7 /* Build configuration list for PBXNativeTarget "dyplomaUITests" */ = {
			isa = XCConfigurationList;
			buildConfigurations = (
				23B64D4A2951E28200ED81B7 /* Debug */,
				23B64D4B2951E28200ED81B7 /* Release */,
			);
			defaultConfigurationIsVisible = 0;
			defaultConfigurationName = Release;
		};
/* End XCConfigurationList section */

/* Begin XCVersionGroup section */
		23B64D222951E27E00ED81B7 /* dyploma.xcdatamodeld */ = {
			isa = XCVersionGroup;
			children = (
				23B64D232951E27E00ED81B7 /* dyploma.xcdatamodel */,
			);
			currentVersion = 23B64D232951E27E00ED81B7 /* dyploma.xcdatamodel */;
			path = dyploma.xcdatamodeld;
			sourceTree = "<group>";
			versionGroupType = wrapper.xcdatamodel;
		};
/* End XCVersionGroup section */
	};
	rootObject = 23B64D0E2951E27E00ED81B7 /* Project object */;
}
